
Microsoft Visual Studio Solution File, Format Version 12.00
# Visual Studio Version 16
VisualStudioVersion = 16.0.32428.217
MinimumVisualStudioVersion = 10.0.40219.1
Project("{9A19103F-16F7-4668-BE54-9A1E7A4F7556}") = "Floyd algorithm (term work)", "Floyd algorithm (term work)\Floyd algorithm (term work).csproj", "{2EE433D6-5C26-49CC-B59E-7F26C7AEC66A}"
EndProject
Global
	GlobalSection(SolutionConfigurationPlatforms) = preSolution
		Debug|Any CPU = Debug|Any CPU
		Release|Any CPU = Release|Any CPU
	EndGlobalSection
	GlobalSection(ProjectConfigurationPlatforms) = postSolution
		{2EE433D6-5C26-49CC-B59E-7F26C7AEC66A}.Debug|Any CPU.ActiveCfg = Debug|Any CPU
		{2EE433D6-5C26-49CC-B59E-7F26C7AEC66A}.Debug|Any CPU.Build.0 = Debug|Any CPU
		{2EE433D6-5C26-49CC-B59E-7F26C7AEC66A}.Release|Any CPU.ActiveCfg = Release|Any CPU
		{2EE433D6-5C26-49CC-B59E-7F26C7AEC66A}.Release|Any CPU.Build.0 = Release|Any CPU
	EndGlobalSection
	GlobalSection(SolutionProperties) = preSolution
		HideSolutionNode = FALSE
	EndGlobalSection
	GlobalSection(ExtensibilityGlobals) = postSolution
		SolutionGuid = {3DE4D673-1C7F-41DC-BF48-C6F6E357BDB6}
	EndGlobalSection
EndGlobal
