
Microsoft Visual Studio Solution File, Format Version 12.00
# Visual Studio Version 16
VisualStudioVersion = 16.0.32428.217
MinimumVisualStudioVersion = 10.0.40219.1
Project("{9A19103F-16F7-4668-BE54-9A1E7A4F7556}") = "Floyd algorithm (term work)", "Floyd algorythm (term work)\Floyd algorithm (term work).csproj", "{9A99BB43-02AF-49FF-9375-19F4D5C9CB64}"
EndProject
Global
	GlobalSection(SolutionConfigurationPlatforms) = preSolution
		Debug|Any CPU = Debug|Any CPU
		Release|Any CPU = Release|Any CPU
	EndGlobalSection
	GlobalSection(ProjectConfigurationPlatforms) = postSolution
		{9A99BB43-02AF-49FF-9375-19F4D5C9CB64}.Debug|Any CPU.ActiveCfg = Debug|Any CPU
		{9A99BB43-02AF-49FF-9375-19F4D5C9CB64}.Debug|Any CPU.Build.0 = Debug|Any CPU
		{9A99BB43-02AF-49FF-9375-19F4D5C9CB64}.Release|Any CPU.ActiveCfg = Release|Any CPU
		{9A99BB43-02AF-49FF-9375-19F4D5C9CB64}.Release|Any CPU.Build.0 = Release|Any CPU
	EndGlobalSection
	GlobalSection(SolutionProperties) = preSolution
		HideSolutionNode = FALSE
	EndGlobalSection
	GlobalSection(ExtensibilityGlobals) = postSolution
		SolutionGuid = {3DE4D673-1C7F-41DC-BF48-C6F6E357BDB6}
	EndGlobalSection
EndGlobal
